
Microsoft Visual Studio Solution File, Format Version 12.00
# Visual Studio Version 17
VisualStudioVersion = 17.11.35222.181
MinimumVisualStudioVersion = 10.0.40219.1
Project("{9A19103F-16F7-4668-BE54-9A1E7A4F7556}") = "FlightQualityAnalysis.API", "FlightQualityAnalysis.API\FlightQualityAnalysis.API.csproj", "{FD41AB2F-85EF-419A-BAB6-8FBF3C3E0E0C}"
EndProject
Project("{FAE04EC0-301F-11D3-BF4B-00C04F79EFBC}") = "FlightQualityAnalysis.FTPService", "FlightQualityAnalysis.FTPService\FlightQualityAnalysis.FTPService.csproj", "{9C4D2D40-5F46-4C71-BDC9-8CC4D9A4061C}"
EndProject
Global
	GlobalSection(SolutionConfigurationPlatforms) = preSolution
		Debug|Any CPU = Debug|Any CPU
		Release|Any CPU = Release|Any CPU
	EndGlobalSection
	GlobalSection(ProjectConfigurationPlatforms) = postSolution
		{FD41AB2F-85EF-419A-BAB6-8FBF3C3E0E0C}.Debug|Any CPU.ActiveCfg = Debug|Any CPU
		{FD41AB2F-85EF-419A-BAB6-8FBF3C3E0E0C}.Debug|Any CPU.Build.0 = Debug|Any CPU
		{FD41AB2F-85EF-419A-BAB6-8FBF3C3E0E0C}.Release|Any CPU.ActiveCfg = Release|Any CPU
		{FD41AB2F-85EF-419A-BAB6-8FBF3C3E0E0C}.Release|Any CPU.Build.0 = Release|Any CPU
		{9C4D2D40-5F46-4C71-BDC9-8CC4D9A4061C}.Debug|Any CPU.ActiveCfg = Debug|Any CPU
		{9C4D2D40-5F46-4C71-BDC9-8CC4D9A4061C}.Debug|Any CPU.Build.0 = Debug|Any CPU
		{9C4D2D40-5F46-4C71-BDC9-8CC4D9A4061C}.Release|Any CPU.ActiveCfg = Release|Any CPU
		{9C4D2D40-5F46-4C71-BDC9-8CC4D9A4061C}.Release|Any CPU.Build.0 = Release|Any CPU
	EndGlobalSection
	GlobalSection(SolutionProperties) = preSolution
		HideSolutionNode = FALSE
	EndGlobalSection
	GlobalSection(ExtensibilityGlobals) = postSolution
		SolutionGuid = {82D29075-B9F0-40FB-814F-4CE1F0E10E64}
	EndGlobalSection
EndGlobal
